
Microsoft Visual Studio Solution File, Format Version 12.00
# Visual Studio Version 17
VisualStudioVersion = 17.14.36301.6
MinimumVisualStudioVersion = 10.0.40219.1
Project("{FAE04EC0-301F-11D3-BF4B-00C04F79EFBC}") = "Internal Resource Booking System", "Internal Resource Booking System\Internal Resource Booking System.csproj", "{D7C0A896-A3D1-445D-82C4-F6ADFE7D1991}"
EndProject
Global
	GlobalSection(SolutionConfigurationPlatforms) = preSolution
		Debug|Any CPU = Debug|Any CPU
		Release|Any CPU = Release|Any CPU
	EndGlobalSection
	GlobalSection(ProjectConfigurationPlatforms) = postSolution
		{D7C0A896-A3D1-445D-82C4-F6ADFE7D1991}.Debug|Any CPU.ActiveCfg = Debug|Any CPU
		{D7C0A896-A3D1-445D-82C4-F6ADFE7D1991}.Debug|Any CPU.Build.0 = Debug|Any CPU
		{D7C0A896-A3D1-445D-82C4-F6ADFE7D1991}.Release|Any CPU.ActiveCfg = Release|Any CPU
		{D7C0A896-A3D1-445D-82C4-F6ADFE7D1991}.Release|Any CPU.Build.0 = Release|Any CPU
	EndGlobalSection
	GlobalSection(SolutionProperties) = preSolution
		HideSolutionNode = FALSE
	EndGlobalSection
	GlobalSection(ExtensibilityGlobals) = postSolution
		SolutionGuid = {85735D67-18BA-42ED-B08A-0F0B30758342}
	EndGlobalSection
EndGlobal
